
Microsoft Visual Studio Solution File, Format Version 12.00
# Visual Studio Version 17
VisualStudioVersion = 17.6.33723.286
MinimumVisualStudioVersion = 10.0.40219.1
Project("{FAE04EC0-301F-11D3-BF4B-00C04F79EFBC}") = "FullStack_Api", "FullStack_Api\FullStack_Api.csproj", "{53CB0329-EAF4-48CB-94CA-4666562D49D8}"
EndProject
Global
	GlobalSection(SolutionConfigurationPlatforms) = preSolution
		Debug|Any CPU = Debug|Any CPU
		Release|Any CPU = Release|Any CPU
	EndGlobalSection
	GlobalSection(ProjectConfigurationPlatforms) = postSolution
		{53CB0329-EAF4-48CB-94CA-4666562D49D8}.Debug|Any CPU.ActiveCfg = Debug|Any CPU
		{53CB0329-EAF4-48CB-94CA-4666562D49D8}.Debug|Any CPU.Build.0 = Debug|Any CPU
		{53CB0329-EAF4-48CB-94CA-4666562D49D8}.Release|Any CPU.ActiveCfg = Release|Any CPU
		{53CB0329-EAF4-48CB-94CA-4666562D49D8}.Release|Any CPU.Build.0 = Release|Any CPU
	EndGlobalSection
	GlobalSection(SolutionProperties) = preSolution
		HideSolutionNode = FALSE
	EndGlobalSection
	GlobalSection(ExtensibilityGlobals) = postSolution
		SolutionGuid = {454A3BC7-1855-4149-BC5B-F64B2EEEF23E}
	EndGlobalSection
EndGlobal
